
Microsoft Visual Studio Solution File, Format Version 12.00
# Visual Studio Version 17
VisualStudioVersion = 17.12.35506.116 d17.12
MinimumVisualStudioVersion = 10.0.40219.1
Project("{FAE04EC0-301F-11D3-BF4B-00C04F79EFBC}") = "Otaghche.Web", "Otaghche.Web\Otaghche.Web.csproj", "{03896FD8-F3DE-4E54-B4B6-74940D4777CF}"
EndProject
Project("{FAE04EC0-301F-11D3-BF4B-00C04F79EFBC}") = "Otaghche.Domain", "Otaghche.Domain\Otaghche.Domain.csproj", "{6081BBED-5851-4184-B0ED-FCF5D2E6B2F6}"
EndProject
Project("{FAE04EC0-301F-11D3-BF4B-00C04F79EFBC}") = "Otaghche.Appliaction", "Otaghche.Appliaction\Otaghche.Appliaction.csproj", "{C57690B5-FD24-4AFF-8256-1E71BE0448D8}"
EndProject
Project("{FAE04EC0-301F-11D3-BF4B-00C04F79EFBC}") = "Otaghche.Infrastructure", "Otaghche.Infrastructure\Otaghche.Infrastructure.csproj", "{B69C3234-961A-4E16-9E33-080F8C811034}"
EndProject
Global
	GlobalSection(SolutionConfigurationPlatforms) = preSolution
		Debug|Any CPU = Debug|Any CPU
		Release|Any CPU = Release|Any CPU
	EndGlobalSection
	GlobalSection(ProjectConfigurationPlatforms) = postSolution
		{03896FD8-F3DE-4E54-B4B6-74940D4777CF}.Debug|Any CPU.ActiveCfg = Debug|Any CPU
		{03896FD8-F3DE-4E54-B4B6-74940D4777CF}.Debug|Any CPU.Build.0 = Debug|Any CPU
		{03896FD8-F3DE-4E54-B4B6-74940D4777CF}.Release|Any CPU.ActiveCfg = Release|Any CPU
		{03896FD8-F3DE-4E54-B4B6-74940D4777CF}.Release|Any CPU.Build.0 = Release|Any CPU
		{6081BBED-5851-4184-B0ED-FCF5D2E6B2F6}.Debug|Any CPU.ActiveCfg = Debug|Any CPU
		{6081BBED-5851-4184-B0ED-FCF5D2E6B2F6}.Debug|Any CPU.Build.0 = Debug|Any CPU
		{6081BBED-5851-4184-B0ED-FCF5D2E6B2F6}.Release|Any CPU.ActiveCfg = Release|Any CPU
		{6081BBED-5851-4184-B0ED-FCF5D2E6B2F6}.Release|Any CPU.Build.0 = Release|Any CPU
		{C57690B5-FD24-4AFF-8256-1E71BE0448D8}.Debug|Any CPU.ActiveCfg = Debug|Any CPU
		{C57690B5-FD24-4AFF-8256-1E71BE0448D8}.Debug|Any CPU.Build.0 = Debug|Any CPU
		{C57690B5-FD24-4AFF-8256-1E71BE0448D8}.Release|Any CPU.ActiveCfg = Release|Any CPU
		{C57690B5-FD24-4AFF-8256-1E71BE0448D8}.Release|Any CPU.Build.0 = Release|Any CPU
		{B69C3234-961A-4E16-9E33-080F8C811034}.Debug|Any CPU.ActiveCfg = Debug|Any CPU
		{B69C3234-961A-4E16-9E33-080F8C811034}.Debug|Any CPU.Build.0 = Debug|Any CPU
		{B69C3234-961A-4E16-9E33-080F8C811034}.Release|Any CPU.ActiveCfg = Release|Any CPU
		{B69C3234-961A-4E16-9E33-080F8C811034}.Release|Any CPU.Build.0 = Release|Any CPU
	EndGlobalSection
	GlobalSection(SolutionProperties) = preSolution
		HideSolutionNode = FALSE
	EndGlobalSection
EndGlobal
